<?xml version="1.0" encoding="utf-8"?>
<Project ToolsVersion="4.0" xmlns="http://schemas.microsoft.com/developer/msbuild/2003">
  <ItemGroup>
    <Filter Include="Files">
      <UniqueIdentifier>{4FC737F1-C7A5-4376-A066-2A32D752A2FF}</UniqueIdentifier>
      <Extensions>cpp;c;cc;cxx;def;odl;idl;hpj;bat;asm;asmx</Extensions>
    </Filter>
  </ItemGroup>
  <ItemGroup>
    <ClCompile Include="ShimHelpHook.cpp">
      <Filter>Files</Filter>
    </ClCompile>
    <ClCompile Include="LoadOP2Ext.cpp">
      <Filter>Files</Filter>
    </ClCompile>
    <ClCompile Include="ShimWinMM.cpp">
      <Filter>Files</Filter>
    </ClCompile>
  </ItemGroup>
  <ItemGroup>
    <Library Include="op2ext.lib">
      <Filter>Files</Filter>
    </Library>
  </ItemGroup>
  <ItemGroup>
    <None Include="ShimWinMM.def">
      <Filter>Files</Filter>
    </None>
  </ItemGroup>
</Project>